
Microsoft Visual Studio Solution File, Format Version 12.00
# Visual Studio Version 17
VisualStudioVersion = 17.9.34622.214
MinimumVisualStudioVersion = 10.0.40219.1
Project("{FAE04EC0-301F-11D3-BF4B-00C04F79EFBC}") = "Lekcja.7.Zad.6", "Lekcja.7.Zad.6\Lekcja.7.Zad.6.csproj", "{924EFD1E-194A-4E3A-A0B0-0040DFBD6F13}"
EndProject
Global
	GlobalSection(SolutionConfigurationPlatforms) = preSolution
		Debug|Any CPU = Debug|Any CPU
		Release|Any CPU = Release|Any CPU
	EndGlobalSection
	GlobalSection(ProjectConfigurationPlatforms) = postSolution
		{924EFD1E-194A-4E3A-A0B0-0040DFBD6F13}.Debug|Any CPU.ActiveCfg = Debug|Any CPU
		{924EFD1E-194A-4E3A-A0B0-0040DFBD6F13}.Debug|Any CPU.Build.0 = Debug|Any CPU
		{924EFD1E-194A-4E3A-A0B0-0040DFBD6F13}.Release|Any CPU.ActiveCfg = Release|Any CPU
		{924EFD1E-194A-4E3A-A0B0-0040DFBD6F13}.Release|Any CPU.Build.0 = Release|Any CPU
	EndGlobalSection
	GlobalSection(SolutionProperties) = preSolution
		HideSolutionNode = FALSE
	EndGlobalSection
	GlobalSection(ExtensibilityGlobals) = postSolution
		SolutionGuid = {93F2C50E-1E4C-437F-8ED7-0C394618BA0B}
	EndGlobalSection
EndGlobal
